
Microsoft Visual Studio Solution File, Format Version 12.00
# Visual Studio Version 16
VisualStudioVersion = 16.0.32929.386
MinimumVisualStudioVersion = 10.0.40219.1
Project("{9A19103F-16F7-4668-BE54-9A1E7A4F7556}") = "01-Intro", "01-Intro\01-Intro.csproj", "{F4A474E1-D923-4CD0-960A-FC64A67A9401}"
EndProject
Project("{9A19103F-16F7-4668-BE54-9A1E7A4F7556}") = "02-Loops", "02-Loops\02-Loops.csproj", "{A9474076-1773-4C04-BA7C-3D49415B6DB3}"
EndProject
Project("{9A19103F-16F7-4668-BE54-9A1E7A4F7556}") = "03-Class-Intro", "03-Class-Intro\03-Class-Intro.csproj", "{0C840D85-DD47-4F4B-A115-7FF6D41E2B04}"
EndProject
Project("{9A19103F-16F7-4668-BE54-9A1E7A4F7556}") = "04-Methods", "04-Methods\04-Methods.csproj", "{2A2E5327-58BC-441B-B273-6DB83B6B2D8C}"
EndProject
Project("{9A19103F-16F7-4668-BE54-9A1E7A4F7556}") = "05-OOP1", "05-OOP1\05-OOP1.csproj", "{1091472C-EB1D-449B-8803-9D5A40AE9AE6}"
EndProject
Project("{9A19103F-16F7-4668-BE54-9A1E7A4F7556}") = "06-Collections", "06-Collections\06-Collections.csproj", "{D7CB0F18-82A7-4E36-936F-CEF8C2D393DE}"
EndProject
Project("{FAE04EC0-301F-11D3-BF4B-00C04F79EFBC}") = "07-OOP2", "07-OOP2\07-OOP2.csproj", "{79481A5E-EB41-4393-A99F-9D63C4332B00}"
EndProject
Global
	GlobalSection(SolutionConfigurationPlatforms) = preSolution
		Debug|Any CPU = Debug|Any CPU
		Release|Any CPU = Release|Any CPU
	EndGlobalSection
	GlobalSection(ProjectConfigurationPlatforms) = postSolution
		{F4A474E1-D923-4CD0-960A-FC64A67A9401}.Debug|Any CPU.ActiveCfg = Debug|Any CPU
		{F4A474E1-D923-4CD0-960A-FC64A67A9401}.Debug|Any CPU.Build.0 = Debug|Any CPU
		{F4A474E1-D923-4CD0-960A-FC64A67A9401}.Release|Any CPU.ActiveCfg = Release|Any CPU
		{F4A474E1-D923-4CD0-960A-FC64A67A9401}.Release|Any CPU.Build.0 = Release|Any CPU
		{A9474076-1773-4C04-BA7C-3D49415B6DB3}.Debug|Any CPU.ActiveCfg = Debug|Any CPU
		{A9474076-1773-4C04-BA7C-3D49415B6DB3}.Debug|Any CPU.Build.0 = Debug|Any CPU
		{A9474076-1773-4C04-BA7C-3D49415B6DB3}.Release|Any CPU.ActiveCfg = Release|Any CPU
		{A9474076-1773-4C04-BA7C-3D49415B6DB3}.Release|Any CPU.Build.0 = Release|Any CPU
		{0C840D85-DD47-4F4B-A115-7FF6D41E2B04}.Debug|Any CPU.ActiveCfg = Debug|Any CPU
		{0C840D85-DD47-4F4B-A115-7FF6D41E2B04}.Debug|Any CPU.Build.0 = Debug|Any CPU
		{0C840D85-DD47-4F4B-A115-7FF6D41E2B04}.Release|Any CPU.ActiveCfg = Release|Any CPU
		{0C840D85-DD47-4F4B-A115-7FF6D41E2B04}.Release|Any CPU.Build.0 = Release|Any CPU
		{2A2E5327-58BC-441B-B273-6DB83B6B2D8C}.Debug|Any CPU.ActiveCfg = Debug|Any CPU
		{2A2E5327-58BC-441B-B273-6DB83B6B2D8C}.Debug|Any CPU.Build.0 = Debug|Any CPU
		{2A2E5327-58BC-441B-B273-6DB83B6B2D8C}.Release|Any CPU.ActiveCfg = Release|Any CPU
		{2A2E5327-58BC-441B-B273-6DB83B6B2D8C}.Release|Any CPU.Build.0 = Release|Any CPU
		{1091472C-EB1D-449B-8803-9D5A40AE9AE6}.Debug|Any CPU.ActiveCfg = Debug|Any CPU
		{1091472C-EB1D-449B-8803-9D5A40AE9AE6}.Debug|Any CPU.Build.0 = Debug|Any CPU
		{1091472C-EB1D-449B-8803-9D5A40AE9AE6}.Release|Any CPU.ActiveCfg = Release|Any CPU
		{1091472C-EB1D-449B-8803-9D5A40AE9AE6}.Release|Any CPU.Build.0 = Release|Any CPU
		{D7CB0F18-82A7-4E36-936F-CEF8C2D393DE}.Debug|Any CPU.ActiveCfg = Debug|Any CPU
		{D7CB0F18-82A7-4E36-936F-CEF8C2D393DE}.Debug|Any CPU.Build.0 = Debug|Any CPU
		{D7CB0F18-82A7-4E36-936F-CEF8C2D393DE}.Release|Any CPU.ActiveCfg = Release|Any CPU
		{D7CB0F18-82A7-4E36-936F-CEF8C2D393DE}.Release|Any CPU.Build.0 = Release|Any CPU
		{79481A5E-EB41-4393-A99F-9D63C4332B00}.Debug|Any CPU.ActiveCfg = Debug|Any CPU
		{79481A5E-EB41-4393-A99F-9D63C4332B00}.Debug|Any CPU.Build.0 = Debug|Any CPU
		{79481A5E-EB41-4393-A99F-9D63C4332B00}.Release|Any CPU.ActiveCfg = Release|Any CPU
		{79481A5E-EB41-4393-A99F-9D63C4332B00}.Release|Any CPU.Build.0 = Release|Any CPU
	EndGlobalSection
	GlobalSection(SolutionProperties) = preSolution
		HideSolutionNode = FALSE
	EndGlobalSection
	GlobalSection(ExtensibilityGlobals) = postSolution
		SolutionGuid = {D1AABE0C-237F-4840-98D1-FED6427E11D4}
	EndGlobalSection
EndGlobal
